
Microsoft Visual Studio Solution File, Format Version 12.00
Project("{FAE04EC0-301F-11D3-BF4B-00C04F79EFBC}") = "ExpenseTracker", "ExpenseTracker\ExpenseTracker.csproj", "{36EA6A5B-534D-4F46-B45C-DB87EC3E85B3}"
EndProject
Project("{FAE04EC0-301F-11D3-BF4B-00C04F79EFBC}") = "ExpenseTracker.Tests", "ExpenseTracker.Tests\ExpenseTracker.Tests.csproj", "{0E9F7240-1054-49D8-B9AA-C3464FDB7C08}"
EndProject
Global
	GlobalSection(SolutionConfigurationPlatforms) = preSolution
		Debug|Any CPU = Debug|Any CPU
		Release|Any CPU = Release|Any CPU
	EndGlobalSection
	GlobalSection(ProjectConfigurationPlatforms) = postSolution
		{36EA6A5B-534D-4F46-B45C-DB87EC3E85B3}.Debug|Any CPU.ActiveCfg = Debug|Any CPU
		{36EA6A5B-534D-4F46-B45C-DB87EC3E85B3}.Debug|Any CPU.Build.0 = Debug|Any CPU
		{36EA6A5B-534D-4F46-B45C-DB87EC3E85B3}.Release|Any CPU.ActiveCfg = Release|Any CPU
		{36EA6A5B-534D-4F46-B45C-DB87EC3E85B3}.Release|Any CPU.Build.0 = Release|Any CPU
		{0E9F7240-1054-49D8-B9AA-C3464FDB7C08}.Debug|Any CPU.ActiveCfg = Debug|Any CPU
		{0E9F7240-1054-49D8-B9AA-C3464FDB7C08}.Debug|Any CPU.Build.0 = Debug|Any CPU
		{0E9F7240-1054-49D8-B9AA-C3464FDB7C08}.Release|Any CPU.ActiveCfg = Release|Any CPU
		{0E9F7240-1054-49D8-B9AA-C3464FDB7C08}.Release|Any CPU.Build.0 = Release|Any CPU
	EndGlobalSection
EndGlobal
